
Microsoft Visual Studio Solution File, Format Version 12.00
# Visual Studio 15
VisualStudioVersion = 15.0.27130.2036
MinimumVisualStudioVersion = 10.0.40219.1
Project("{FAE04EC0-301F-11D3-BF4B-00C04F79EFBC}") = "ComparerService.App", "src\ComparerService.App\ComparerService.App.csproj", "{C9564160-90DA-4D73-A511-E4D9B4759DAD}"
EndProject
Project("{2150E333-8FDC-42A3-9474-1A3956D46DE8}") = "tests", "tests", "{3FF042FC-AC1A-4DE8-968C-37271C62E957}"
EndProject
Project("{FAE04EC0-301F-11D3-BF4B-00C04F79EFBC}") = "Comparer.Tests", "tests\Comparer.Tests\Comparer.Tests.csproj", "{14E4445A-65A1-4AA8-BCCE-53CCC68FBD42}"
EndProject
Global
	GlobalSection(SolutionConfigurationPlatforms) = preSolution
		Debug|Any CPU = Debug|Any CPU
		Release|Any CPU = Release|Any CPU
	EndGlobalSection
	GlobalSection(ProjectConfigurationPlatforms) = postSolution
		{C9564160-90DA-4D73-A511-E4D9B4759DAD}.Debug|Any CPU.ActiveCfg = Debug|Any CPU
		{C9564160-90DA-4D73-A511-E4D9B4759DAD}.Debug|Any CPU.Build.0 = Debug|Any CPU
		{C9564160-90DA-4D73-A511-E4D9B4759DAD}.Release|Any CPU.ActiveCfg = Release|Any CPU
		{C9564160-90DA-4D73-A511-E4D9B4759DAD}.Release|Any CPU.Build.0 = Release|Any CPU
		{14E4445A-65A1-4AA8-BCCE-53CCC68FBD42}.Debug|Any CPU.ActiveCfg = Debug|Any CPU
		{14E4445A-65A1-4AA8-BCCE-53CCC68FBD42}.Debug|Any CPU.Build.0 = Debug|Any CPU
		{14E4445A-65A1-4AA8-BCCE-53CCC68FBD42}.Release|Any CPU.ActiveCfg = Release|Any CPU
		{14E4445A-65A1-4AA8-BCCE-53CCC68FBD42}.Release|Any CPU.Build.0 = Release|Any CPU
	EndGlobalSection
	GlobalSection(SolutionProperties) = preSolution
		HideSolutionNode = FALSE
	EndGlobalSection
	GlobalSection(NestedProjects) = preSolution
		{14E4445A-65A1-4AA8-BCCE-53CCC68FBD42} = {3FF042FC-AC1A-4DE8-968C-37271C62E957}
	EndGlobalSection
	GlobalSection(ExtensibilityGlobals) = postSolution
		SolutionGuid = {6E430FA0-D89E-4B30-B925-9D446F44EB3A}
	EndGlobalSection
EndGlobal
